<?xml version="1.0" encoding="utf-8"?>
<Project ToolsVersion="4.0" xmlns="http://schemas.microsoft.com/developer/msbuild/2003">
  <ItemGroup>
    <Filter Include="Source Files">
      <UniqueIdentifier>{4FC737F1-C7A5-4376-A066-2A32D752A2FF}</UniqueIdentifier>
      <Extensions>cpp;c;cc;cxx;c++;cppm;ixx;def;odl;idl;hpj;bat;asm;asmx</Extensions>
    </Filter>
    <Filter Include="Header Files">
      <UniqueIdentifier>{93995380-89BD-4b04-88EB-625FBE52EBFB}</UniqueIdentifier>
      <Extensions>h;hh;hpp;hxx;h++;hm;inl;inc;ipp;xsd</Extensions>
    </Filter>
    <Filter Include="Resource Files">
      <UniqueIdentifier>{67DA6AB6-F800-4c08-8B7A-83BB121AAD01}</UniqueIdentifier>
      <Extensions>rc;ico;cur;bmp;dlg;rc2;rct;bin;rgs;gif;jpg;jpeg;jpe;resx;tiff;tif;png;wav;mfcribbon-ms</Extensions>
    </Filter>
    <Filter Include="libconfig">
      <UniqueIdentifier>{6b97b4f3-ba51-4786-b133-44d82648d681}</UniqueIdentifier>
    </Filter>
  </ItemGroup>
  <ItemGroup>
    <ClCompile Include="..\..\src\sccp\sccpw.cpp">
      <Filter>Source Files</Filter>
    </ClCompile>
    <ClCompile Include="..\..\src\libconfig\grammar.c">
      <Filter>libconfig</Filter>
    </ClCompile>
    <ClCompile Include="..\..\src\libconfig\libconfig.c">
      <Filter>libconfig</Filter>
    </ClCompile>
    <ClCompile Include="..\..\src\libconfig\scanctx.c">
      <Filter>libconfig</Filter>
    </ClCompile>
    <ClCompile Include="..\..\src\libconfig\scanner.c">
      <Filter>libconfig</Filter>
    </ClCompile>
    <ClCompile Include="..\..\src\libconfig\strbuf.c">
      <Filter>libconfig</Filter>
    </ClCompile>
    <ClCompile Include="..\..\src\libconfig\strvec.c">
      <Filter>libconfig</Filter>
    </ClCompile>
    <ClCompile Include="..\..\src\libconfig\util.c">
      <Filter>libconfig</Filter>
    </ClCompile>
    <ClCompile Include="..\..\src\libconfig\wincompat.c">
      <Filter>libconfig</Filter>
    </ClCompile>
    <ClCompile Include="..\..\src\mout2_0\mout.cpp">
      <Filter>Source Files</Filter>
    </ClCompile>
    <ClCompile Include="..\..\src\VulkanObj\ConfigObj.cpp">
      <Filter>Source Files</Filter>
    </ClCompile>
    <ClCompile Include="..\..\src\tcpip\TCPCObj.cpp">
      <Filter>Source Files</Filter>
    </ClCompile>
    <ClCompile Include="..\..\src\tcpip\TCPSObj.cpp">
      <Filter>Source Files</Filter>
    </ClCompile>
  </ItemGroup>
  <ItemGroup>
    <ClInclude Include="..\..\src\libconfig\grammar.h">
      <Filter>libconfig</Filter>
    </ClInclude>
    <ClInclude Include="..\..\src\libconfig\libconfig.h">
      <Filter>libconfig</Filter>
    </ClInclude>
    <ClInclude Include="..\..\src\libconfig\parsectx.h">
      <Filter>libconfig</Filter>
    </ClInclude>
    <ClInclude Include="..\..\src\libconfig\scanctx.h">
      <Filter>libconfig</Filter>
    </ClInclude>
    <ClInclude Include="..\..\src\libconfig\scanner.h">
      <Filter>libconfig</Filter>
    </ClInclude>
    <ClInclude Include="..\..\src\libconfig\strbuf.h">
      <Filter>libconfig</Filter>
    </ClInclude>
    <ClInclude Include="..\..\src\libconfig\strvec.h">
      <Filter>libconfig</Filter>
    </ClInclude>
    <ClInclude Include="..\..\src\libconfig\util.h">
      <Filter>libconfig</Filter>
    </ClInclude>
    <ClInclude Include="..\..\src\libconfig\wincompat.h">
      <Filter>libconfig</Filter>
    </ClInclude>
    <ClInclude Include="..\..\src\mout2_0\mout.hpp">
      <Filter>Source Files</Filter>
    </ClInclude>
    <ClInclude Include="..\..\src\VulkanObj\ConfigObj.hpp">
      <Filter>Source Files</Filter>
    </ClInclude>
    <ClInclude Include="..\..\src\tcpip\TCPCObj.hpp">
      <Filter>Source Files</Filter>
    </ClInclude>
    <ClInclude Include="..\..\src\tcpip\TCPSObj.hpp">
      <Filter>Header Files</Filter>
    </ClInclude>
  </ItemGroup>
</Project>